
Microsoft Visual Studio Solution File, Format Version 12.00
# Visual Studio Version 17
VisualStudioVersion = 17.10.35013.160
MinimumVisualStudioVersion = 10.0.40219.1
Project("{FAE04EC0-301F-11D3-BF4B-00C04F79EFBC}") = "TheOmenDen.Shared.LeafletInterop", "TheOmenDen.Shared.LeafletInterop\TheOmenDen.Shared.LeafletInterop.csproj", "{53A80310-3929-4A33-BA59-94ED9712A116}"
EndProject
Project("{FAE04EC0-301F-11D3-BF4B-00C04F79EFBC}") = "TheOmenDen.Shared.LeafletInterop.Tests", "TheOmenDen.Shared.LeafletInterop.Tests\TheOmenDen.Shared.LeafletInterop.Tests.csproj", "{755C8623-6C63-403D-998D-AE4639CC131E}"
EndProject
Global
	GlobalSection(SolutionConfigurationPlatforms) = preSolution
		Debug|Any CPU = Debug|Any CPU
		Release|Any CPU = Release|Any CPU
	EndGlobalSection
	GlobalSection(ProjectConfigurationPlatforms) = postSolution
		{53A80310-3929-4A33-BA59-94ED9712A116}.Debug|Any CPU.ActiveCfg = Debug|Any CPU
		{53A80310-3929-4A33-BA59-94ED9712A116}.Debug|Any CPU.Build.0 = Debug|Any CPU
		{53A80310-3929-4A33-BA59-94ED9712A116}.Release|Any CPU.ActiveCfg = Release|Any CPU
		{53A80310-3929-4A33-BA59-94ED9712A116}.Release|Any CPU.Build.0 = Release|Any CPU
		{755C8623-6C63-403D-998D-AE4639CC131E}.Debug|Any CPU.ActiveCfg = Debug|Any CPU
		{755C8623-6C63-403D-998D-AE4639CC131E}.Debug|Any CPU.Build.0 = Debug|Any CPU
		{755C8623-6C63-403D-998D-AE4639CC131E}.Release|Any CPU.ActiveCfg = Release|Any CPU
		{755C8623-6C63-403D-998D-AE4639CC131E}.Release|Any CPU.Build.0 = Release|Any CPU
	EndGlobalSection
	GlobalSection(SolutionProperties) = preSolution
		HideSolutionNode = FALSE
	EndGlobalSection
	GlobalSection(ExtensibilityGlobals) = postSolution
		SolutionGuid = {96B12CDB-9711-497F-A1A0-AE9C0765E419}
	EndGlobalSection
EndGlobal
